
Microsoft Visual Studio Solution File, Format Version 12.00
# Visual Studio 14
VisualStudioVersion = 14.0.25420.1
MinimumVisualStudioVersion = 10.0.40219.1
Project("{FAE04EC0-301F-11D3-BF4B-00C04F79EFBC}") = "MediaPlayer.UserInterface", "MediaPlayer.UserInterface\MediaPlayer.UserInterface.csproj", "{3F133B0B-EDA9-486C-9C62-F8EB95CD8242}"
EndProject
Project("{FAE04EC0-301F-11D3-BF4B-00C04F79EFBC}") = "MediaPlayer.DataContracts", "MediaPlayer.DataContracts\MediaPlayer.DataContracts.csproj", "{F9AEF3BB-9A8B-4DCC-AC97-A38C3BBCA50D}"
EndProject
Project("{FAE04EC0-301F-11D3-BF4B-00C04F79EFBC}") = "MediaPlayer.BaseClasses", "MediaPlayer.BaseClasses\MediaPlayer.BaseClasses.csproj", "{9BA7B95D-7F21-4B70-9215-6F1227D86A18}"
EndProject
Global
	GlobalSection(SolutionConfigurationPlatforms) = preSolution
		Debug|Any CPU = Debug|Any CPU
		Release|Any CPU = Release|Any CPU
	EndGlobalSection
	GlobalSection(ProjectConfigurationPlatforms) = postSolution
		{3F133B0B-EDA9-486C-9C62-F8EB95CD8242}.Debug|Any CPU.ActiveCfg = Debug|Any CPU
		{3F133B0B-EDA9-486C-9C62-F8EB95CD8242}.Debug|Any CPU.Build.0 = Debug|Any CPU
		{3F133B0B-EDA9-486C-9C62-F8EB95CD8242}.Release|Any CPU.ActiveCfg = Release|Any CPU
		{3F133B0B-EDA9-486C-9C62-F8EB95CD8242}.Release|Any CPU.Build.0 = Release|Any CPU
		{F9AEF3BB-9A8B-4DCC-AC97-A38C3BBCA50D}.Debug|Any CPU.ActiveCfg = Debug|Any CPU
		{F9AEF3BB-9A8B-4DCC-AC97-A38C3BBCA50D}.Debug|Any CPU.Build.0 = Debug|Any CPU
		{F9AEF3BB-9A8B-4DCC-AC97-A38C3BBCA50D}.Release|Any CPU.ActiveCfg = Release|Any CPU
		{F9AEF3BB-9A8B-4DCC-AC97-A38C3BBCA50D}.Release|Any CPU.Build.0 = Release|Any CPU
		{9BA7B95D-7F21-4B70-9215-6F1227D86A18}.Debug|Any CPU.ActiveCfg = Debug|Any CPU
		{9BA7B95D-7F21-4B70-9215-6F1227D86A18}.Debug|Any CPU.Build.0 = Debug|Any CPU
		{9BA7B95D-7F21-4B70-9215-6F1227D86A18}.Release|Any CPU.ActiveCfg = Release|Any CPU
		{9BA7B95D-7F21-4B70-9215-6F1227D86A18}.Release|Any CPU.Build.0 = Release|Any CPU
	EndGlobalSection
	GlobalSection(SolutionProperties) = preSolution
		HideSolutionNode = FALSE
	EndGlobalSection
EndGlobal
